<?xml version="1.0" encoding="UTF-8"?>
<!DOCTYPE plist PUBLIC "-//Apple Computer//DTD PLIST 1.0//EN" "http://www.apple.com/DTDs/PropertyList-1.0.dtd">
<plist version="1.0">
<dict>
	<key>archiveVersion</key>
	<string>1</string>
	<key>classes</key>
	<dict/>
	<key>objectVersion</key>
	<string>38</string>
	<key>objects</key>
	<dict>
		<key>00000000000000000030AB90</key>
		<dict>
			<key>fileEncoding</key>
			<string>30</string>
			<key>isa</key>
			<string>PBXFileReference</string>
			<key>name</key>
			<string>QL_sound.c</string>
			<key>path</key>
			<string>QL_sound.c</string>
			<key>refType</key>
			<string>4</string>
		</dict>
		<key>0000000000000000003671D0</key>
		<dict>
			<key>fileEncoding</key>
			<string>30</string>
			<key>isa</key>
			<string>PBXFileReference</string>
			<key>name</key>
			<string>QL_files.c</string>
			<key>path</key>
			<string>QL_files.c</string>
			<key>refType</key>
			<string>4</string>
		</dict>
		<key>00000000000000000036B370</key>
		<dict>
			<key>fileEncoding</key>
			<string>30</string>
			<key>isa</key>
			<string>PBXFileReference</string>
			<key>name</key>
			<string>general.c</string>
			<key>path</key>
			<string>general.c</string>
			<key>refType</key>
			<string>4</string>
		</dict>
		<key>0000000000000000003722D0</key>
		<dict>
			<key>fileEncoding</key>
			<string>30</string>
			<key>isa</key>
			<string>PBXFileReference</string>
			<key>name</key>
			<string>Xscreen.c</string>
			<key>path</key>
			<string>Xscreen.c</string>
			<key>refType</key>
			<string>4</string>
		</dict>
		<key>0000000000000000003946C0</key>
		<dict>
			<key>fileEncoding</key>
			<string>30</string>
			<key>isa</key>
			<string>PBXFileReference</string>
			<key>name</key>
			<string>QLserio.c</string>
			<key>path</key>
			<string>QLserio.c</string>
			<key>refType</key>
			<string>4</string>
		</dict>
		<key>0000000000000000003AA760</key>
		<dict>
			<key>fileEncoding</key>
			<string>30</string>
			<key>isa</key>
			<string>PBXFileReference</string>
			<key>name</key>
			<string>QLip.c</string>
			<key>path</key>
			<string>QLip.c</string>
			<key>refType</key>
			<string>4</string>
		</dict>
		<key>0000000000000000003B2B10</key>
		<dict>
			<key>fileEncoding</key>
			<string>30</string>
			<key>isa</key>
			<string>PBXFileReference</string>
			<key>name</key>
			<string>QL_screen.c</string>
			<key>path</key>
			<string>QL_screen.c</string>
			<key>refType</key>
			<string>4</string>
		</dict>
		<key>0000000000000000003BECA0</key>
		<dict>
			<key>fileEncoding</key>
			<string>30</string>
			<key>isa</key>
			<string>PBXFileReference</string>
			<key>name</key>
			<string>trace.c</string>
			<key>path</key>
			<string>trace.c</string>
			<key>refType</key>
			<string>4</string>
		</dict>
		<key>0000000000000000003C1870</key>
		<dict>
			<key>fileEncoding</key>
			<string>30</string>
			<key>isa</key>
			<string>PBXFileReference</string>
			<key>name</key>
			<string>script.c</string>
			<key>path</key>
			<string>script.c</string>
			<key>refType</key>
			<string>4</string>
		</dict>
		<key>0000000000000000003CB990</key>
		<dict>
			<key>fileEncoding</key>
			<string>30</string>
			<key>isa</key>
			<string>PBXFileReference</string>
			<key>name</key>
			<string>xipc.c</string>
			<key>path</key>
			<string>xipc.c</string>
			<key>refType</key>
			<string>4</string>
		</dict>
		<key>0000000000000000003D7FD0</key>
		<dict>
			<key>fileEncoding</key>
			<string>30</string>
			<key>isa</key>
			<string>PBXFileReference</string>
			<key>name</key>
			<string>QL_serial.c</string>
			<key>path</key>
			<string>QL_serial.c</string>
			<key>refType</key>
			<string>4</string>
		</dict>
		<key>0000000000000000003E36D0</key>
		<dict>
			<key>fileEncoding</key>
			<string>30</string>
			<key>isa</key>
			<string>PBXFileReference</string>
			<key>name</key>
			<string>QL_cconv.c</string>
			<key>path</key>
			<string>QL_cconv.c</string>
			<key>refType</key>
			<string>4</string>
		</dict>
		<key>0000000000000000003EA5C0</key>
		<dict>
			<key>fileEncoding</key>
			<string>30</string>
			<key>isa</key>
			<string>PBXFileReference</string>
			<key>name</key>
			<string>QL_basext.c</string>
			<key>path</key>
			<string>QL_basext.c</string>
			<key>refType</key>
			<string>4</string>
		</dict>
		<key>0000000000000000003EEBE0</key>
		<dict>
			<key>fileEncoding</key>
			<string>30</string>
			<key>isa</key>
			<string>PBXFileReference</string>
			<key>name</key>
			<string>QL_hardware.c</string>
			<key>path</key>
			<string>QL_hardware.c</string>
			<key>refType</key>
			<string>4</string>
		</dict>
		<key>0000000000000000003F1EF0</key>
		<dict>
			<key>fileEncoding</key>
			<string>30</string>
			<key>isa</key>
			<string>PBXFileReference</string>
			<key>name</key>
			<string>rompatch.c</string>
			<key>path</key>
			<string>rompatch.c</string>
			<key>refType</key>
			<string>4</string>
		</dict>
		<key>0000000000000000003FE9A0</key>
		<dict>
			<key>fileEncoding</key>
			<string>30</string>
			<key>isa</key>
			<string>PBXFileReference</string>
			<key>name</key>
			<string>ide.c</string>
			<key>path</key>
			<string>ide.c</string>
			<key>refType</key>
			<string>4</string>
		</dict>
		<key>000000000000000004D024B0</key>
		<dict>
			<key>buildStyles</key>
			<array>
				<string>000000000000000004D3BA90</string>
				<string>000000000000000004D4ECB0</string>
			</array>
			<key>hasScannedForEncodings</key>
			<string>1</string>
			<key>isa</key>
			<string>PBXProject</string>
			<key>mainGroup</key>
			<string>000000000000000004D02540</string>
			<key>projectDirPath</key>
			<string></string>
			<key>targets</key>
			<array>
				<string>000000000000000004D6C520</string>
			</array>
		</dict>
		<key>000000000000000004D02500</key>
		<dict>
			<key>fileEncoding</key>
			<string>30</string>
			<key>isa</key>
			<string>PBXFileReference</string>
			<key>name</key>
			<string>unixstuff.c</string>
			<key>path</key>
			<string>unixstuff.c</string>
			<key>refType</key>
			<string>4</string>
		</dict>
		<key>000000000000000004D02540</key>
		<dict>
			<key>children</key>
			<array>
				<string>000000000000000004D6A030</string>
				<string>000000000000000004D576C0</string>
			</array>
			<key>isa</key>
			<string>PBXGroup</string>
			<key>refType</key>
			<string>4</string>
		</dict>
		<key>000000000000000004D03910</key>
		<dict>
			<key>fileEncoding</key>
			<string>30</string>
			<key>isa</key>
			<string>PBXFileReference</string>
			<key>name</key>
			<string>driver.h</string>
			<key>path</key>
			<string>driver.h</string>
			<key>refType</key>
			<string>4</string>
		</dict>
		<key>000000000000000004D039A0</key>
		<dict>
			<key>fileEncoding</key>
			<string>30</string>
			<key>isa</key>
			<string>PBXFileReference</string>
			<key>name</key>
			<string>mach_exception.c</string>
			<key>path</key>
			<string>mach_exception.c</string>
			<key>refType</key>
			<string>4</string>
		</dict>
		<key>000000000000000004D09050</key>
		<dict>
			<key>fileEncoding</key>
			<string>30</string>
			<key>isa</key>
			<string>PBXFileReference</string>
			<key>name</key>
			<string>pty.c</string>
			<key>path</key>
			<string>pty.c</string>
			<key>refType</key>
			<string>4</string>
		</dict>
		<key>000000000000000004D11050</key>
		<dict>
			<key>fileEncoding</key>
			<string>30</string>
			<key>isa</key>
			<string>PBXFileReference</string>
			<key>name</key>
			<string>QL68000.h</string>
			<key>path</key>
			<string>QL68000.h</string>
			<key>refType</key>
			<string>4</string>
		</dict>
		<key>000000000000000004D1B410</key>
		<dict>
			<key>buildActionMask</key>
			<string>2147483647</string>
			<key>files</key>
			<array/>
			<key>isa</key>
			<string>PBXHeadersBuildPhase</string>
			<key>runOnlyForDeploymentPostprocessing</key>
			<string>0</string>
		</dict>
		<key>000000000000000004D20480</key>
		<dict>
			<key>fileEncoding</key>
			<string>30</string>
			<key>isa</key>
			<string>PBXFileReference</string>
			<key>name</key>
			<string>emudisk.h</string>
			<key>path</key>
			<string>emudisk.h</string>
			<key>refType</key>
			<string>4</string>
		</dict>
		<key>000000000000000004D307B0</key>
		<dict>
			<key>fileEncoding</key>
			<string>30</string>
			<key>isa</key>
			<string>PBXFileReference</string>
			<key>name</key>
			<string>QL_poll.c</string>
			<key>path</key>
			<string>QL_poll.c</string>
			<key>refType</key>
			<string>4</string>
		</dict>
		<key>000000000000000004D3B570</key>
		<dict>
			<key>buildActionMask</key>
			<string>2147483647</string>
			<key>files</key>
			<array>
				<string>000000000000000004D5F8F0</string>
				<string>000000000000000004D5FAF0</string>
				<string>000000000000000004D5FCE0</string>
				<string>000000000000000004D5FEC0</string>
				<string>000000000000000004D60130</string>
				<string>000000000000000004D60310</string>
				<string>000000000000000004D60520</string>
				<string>000000000000000004D607A0</string>
				<string>000000000000000004D60980</string>
				<string>000000000000000004D60B60</string>
				<string>000000000000000004D60D40</string>
				<string>000000000000000004D616E0</string>
				<string>000000000000000004D618C0</string>
				<string>000000000000000004D61AA0</string>
				<string>000000000000000004D61D20</string>
				<string>000000000000000004D61F00</string>
				<string>000000000000000004D620E0</string>
				<string>000000000000000004D56150</string>
				<string>000000000000000004D56330</string>
				<string>000000000000000004D57CB0</string>
				<string>000000000000000004D57E90</string>
				<string>000000000000000004D567B0</string>
				<string>000000000000000004D4F060</string>
				<string>000000000000000004D4F220</string>
				<string>000000000000000004D4F400</string>
				<string>000000000000000004D4F5E0</string>
				<string>000000000000000004D4F7C0</string>
				<string>000000000000000004D4F9A0</string>
				<string>000000000000000004D4FB80</string>
				<string>000000000000000004D4FD60</string>
				<string>000000000000000004D61CD0</string>
				<string>000000000000000004D56D80</string>
				<string>000000000000000004D56F60</string>
				<string>000000000000000004D517D0</string>
				<string>000000000000000004D519B0</string>
				<string>000000000000000004D5B200</string>
				<string>000000000000000004D5B3E0</string>
				<string>000000000000000004D5B5C0</string>
				<string>000000000000000004D5B7A0</string>
				<string>000000000000000004D5B980</string>
				<string>000000000000000004D5BB60</string>
				<string>000000000000000004D5BD40</string>
				<string>000000000000000004D5BF20</string>
				<string>000000000000000004D4FF70</string>
				<string>000000000000000004D523B0</string>
				<string>000000000000000004D64B30</string>
				<string>000000000000000004D64D10</string>
			</array>
			<key>isa</key>
			<string>PBXSourcesBuildPhase</string>
			<key>runOnlyForDeploymentPostprocessing</key>
			<string>0</string>
		</dict>
		<key>000000000000000004D3BA90</key>
		<dict>
			<key>buildRules</key>
			<array/>
			<key>buildSettings</key>
			<dict>
				<key>COPY_PHASE_STRIP</key>
				<string>NO</string>
			</dict>
			<key>isa</key>
			<string>PBXBuildStyle</string>
			<key>name</key>
			<string>Development</string>
		</dict>
		<key>000000000000000004D3C600</key>
		<dict>
			<key>fileEncoding</key>
			<string>30</string>
			<key>isa</key>
			<string>PBXFileReference</string>
			<key>name</key>
			<string>QLip.h</string>
			<key>path</key>
			<string>QLip.h</string>
			<key>refType</key>
			<string>4</string>
		</dict>
		<key>000000000000000004D3C6B0</key>
		<dict>
			<key>buildActionMask</key>
			<string>2147483647</string>
			<key>files</key>
			<array/>
			<key>isa</key>
			<string>PBXFrameworksBuildPhase</string>
			<key>runOnlyForDeploymentPostprocessing</key>
			<string>0</string>
		</dict>
		<key>000000000000000004D3D930</key>
		<dict>
			<key>fileEncoding</key>
			<string>30</string>
			<key>isa</key>
			<string>PBXFileReference</string>
			<key>name</key>
			<string>qmtrap.c</string>
			<key>path</key>
			<string>qmtrap.c</string>
			<key>refType</key>
			<string>4</string>
		</dict>
		<key>000000000000000004D40860</key>
		<dict>
			<key>fileEncoding</key>
			<string>30</string>
			<key>isa</key>
			<string>PBXFileReference</string>
			<key>name</key>
			<string>QVFS.c</string>
			<key>path</key>
			<string>QVFS.c</string>
			<key>refType</key>
			<string>4</string>
		</dict>
		<key>000000000000000004D44D60</key>
		<dict>
			<key>fileEncoding</key>
			<string>30</string>
			<key>isa</key>
			<string>PBXFileReference</string>
			<key>name</key>
			<string>boot.h</string>
			<key>path</key>
			<string>boot.h</string>
			<key>refType</key>
			<string>4</string>
		</dict>
		<key>000000000000000004D45950</key>
		<dict>
			<key>fileEncoding</key>
			<string>30</string>
			<key>isa</key>
			<string>PBXFileReference</string>
			<key>name</key>
			<string>misdefs.h</string>
			<key>path</key>
			<string>misdefs.h</string>
			<key>refType</key>
			<string>4</string>
		</dict>
		<key>000000000000000004D487E0</key>
		<dict>
			<key>fileEncoding</key>
			<string>30</string>
			<key>isa</key>
			<string>PBXFileReference</string>
			<key>name</key>
			<string>QInstAddr.h</string>
			<key>path</key>
			<string>QInstAddr.h</string>
			<key>refType</key>
			<string>4</string>
		</dict>
		<key>000000000000000004D4A8A0</key>
		<dict>
			<key>fileEncoding</key>
			<string>30</string>
			<key>isa</key>
			<string>PBXFileReference</string>
			<key>name</key>
			<string>iexl_general.c</string>
			<key>path</key>
			<string>iexl_general.c</string>
			<key>refType</key>
			<string>4</string>
		</dict>
		<key>000000000000000004D4DD70</key>
		<dict>
			<key>fileEncoding</key>
			<string>30</string>
			<key>isa</key>
			<string>PBXFileReference</string>
			<key>name</key>
			<string>QL_boot.c</string>
			<key>path</key>
			<string>QL_boot.c</string>
			<key>refType</key>
			<string>4</string>
		</dict>
		<key>000000000000000004D4E9B0</key>
		<dict>
			<key>fileEncoding</key>
			<string>30</string>
			<key>isa</key>
			<string>PBXFileReference</string>
			<key>name</key>
			<string>QL_driver.c</string>
			<key>path</key>
			<string>QL_driver.c</string>
			<key>refType</key>
			<string>4</string>
		</dict>
		<key>000000000000000004D4EC60</key>
		<dict>
			<key>fileEncoding</key>
			<string>30</string>
			<key>isa</key>
			<string>PBXFileReference</string>
			<key>name</key>
			<string>xqlkey.c</string>
			<key>path</key>
			<string>xqlkey.c</string>
			<key>refType</key>
			<string>4</string>
		</dict>
		<key>000000000000000004D4ECB0</key>
		<dict>
			<key>buildRules</key>
			<array/>
			<key>buildSettings</key>
			<dict>
				<key>COPY_PHASE_STRIP</key>
				<string>YES</string>
			</dict>
			<key>isa</key>
			<string>PBXBuildStyle</string>
			<key>name</key>
			<string>Deployment</string>
		</dict>
		<key>000000000000000004D4F060</key>
		<dict>
			<key>fileRef</key>
			<string>000000000000000004D4A8A0</string>
			<key>isa</key>
			<string>PBXBuildFile</string>
			<key>settings</key>
			<dict/>
		</dict>
		<key>000000000000000004D4F220</key>
		<dict>
			<key>fileRef</key>
			<string>000000000000000004D6BF10</string>
			<key>isa</key>
			<string>PBXBuildFile</string>
			<key>settings</key>
			<dict/>
		</dict>
		<key>000000000000000004D4F400</key>
		<dict>
			<key>fileRef</key>
			<string>000000000000000004D6D2F0</string>
			<key>isa</key>
			<string>PBXBuildFile</string>
			<key>settings</key>
			<dict/>
		</dict>
		<key>000000000000000004D4F5E0</key>
		<dict>
			<key>fileRef</key>
			<string>000000000000000004D039A0</string>
			<key>isa</key>
			<string>PBXBuildFile</string>
			<key>settings</key>
			<dict/>
		</dict>
		<key>000000000000000004D4F7C0</key>
		<dict>
			<key>fileRef</key>
			<string>000000000000000004D09050</string>
			<key>isa</key>
			<string>PBXBuildFile</string>
			<key>settings</key>
			<dict/>
		</dict>
		<key>000000000000000004D4F9A0</key>
		<dict>
			<key>fileRef</key>
			<string>000000000000000004D3D930</string>
			<key>isa</key>
			<string>PBXBuildFile</string>
			<key>settings</key>
			<dict/>
		</dict>
		<key>000000000000000004D4FB80</key>
		<dict>
			<key>fileRef</key>
			<string>0000000000000000003F1EF0</string>
			<key>isa</key>
			<string>PBXBuildFile</string>
			<key>settings</key>
			<dict/>
		</dict>
		<key>000000000000000004D4FD60</key>
		<dict>
			<key>fileRef</key>
			<string>0000000000000000003C1870</string>
			<key>isa</key>
			<string>PBXBuildFile</string>
			<key>settings</key>
			<dict/>
		</dict>
		<key>000000000000000004D4FF70</key>
		<dict>
			<key>fileRef</key>
			<string>0000000000000000003CB990</string>
			<key>isa</key>
			<string>PBXBuildFile</string>
			<key>settings</key>
			<dict/>
		</dict>
		<key>000000000000000004D510E0</key>
		<dict>
			<key>fileEncoding</key>
			<string>30</string>
			<key>isa</key>
			<string>PBXFileReference</string>
			<key>name</key>
			<string>cond.h</string>
			<key>path</key>
			<string>cond.h</string>
			<key>refType</key>
			<string>4</string>
		</dict>
		<key>000000000000000004D512D0</key>
		<dict>
			<key>fileEncoding</key>
			<string>30</string>
			<key>isa</key>
			<string>PBXFileReference</string>
			<key>name</key>
			<string>trace.h</string>
			<key>path</key>
			<string>trace.h</string>
			<key>refType</key>
			<string>4</string>
		</dict>
		<key>000000000000000004D51340</key>
		<dict>
			<key>fileEncoding</key>
			<string>30</string>
			<key>isa</key>
			<string>PBXFileReference</string>
			<key>name</key>
			<string>unix.h</string>
			<key>path</key>
			<string>unix.h</string>
			<key>refType</key>
			<string>4</string>
		</dict>
		<key>000000000000000004D517D0</key>
		<dict>
			<key>fileRef</key>
			<string>000000000000000004D65140</string>
			<key>isa</key>
			<string>PBXBuildFile</string>
			<key>settings</key>
			<dict/>
		</dict>
		<key>000000000000000004D519B0</key>
		<dict>
			<key>fileRef</key>
			<string>000000000000000004D5CE00</string>
			<key>isa</key>
			<string>PBXBuildFile</string>
			<key>settings</key>
			<dict/>
		</dict>
		<key>000000000000000004D523B0</key>
		<dict>
			<key>fileRef</key>
			<string>000000000000000004D635C0</string>
			<key>isa</key>
			<string>PBXBuildFile</string>
			<key>settings</key>
			<dict/>
		</dict>
		<key>000000000000000004D53020</key>
		<dict>
			<key>fileEncoding</key>
			<string>30</string>
			<key>isa</key>
			<string>PBXFileReference</string>
			<key>name</key>
			<string>QFilesPriv.h</string>
			<key>path</key>
			<string>QFilesPriv.h</string>
			<key>refType</key>
			<string>4</string>
		</dict>
		<key>000000000000000004D53840</key>
		<dict>
			<key>fileEncoding</key>
			<string>30</string>
			<key>isa</key>
			<string>PBXFileReference</string>
			<key>name</key>
			<string>version.c</string>
			<key>path</key>
			<string>version.c</string>
			<key>refType</key>
			<string>4</string>
		</dict>
		<key>000000000000000004D53B30</key>
		<dict>
			<key>fileEncoding</key>
			<string>30</string>
			<key>isa</key>
			<string>PBXFileReference</string>
			<key>name</key>
			<string>vl.c</string>
			<key>path</key>
			<string>vl.c</string>
			<key>refType</key>
			<string>4</string>
		</dict>
		<key>000000000000000004D53F60</key>
		<dict>
			<key>fileEncoding</key>
			<string>30</string>
			<key>isa</key>
			<string>PBXFileReference</string>
			<key>name</key>
			<string>vm.c</string>
			<key>path</key>
			<string>vm.c</string>
			<key>refType</key>
			<string>4</string>
		</dict>
		<key>000000000000000004D54350</key>
		<dict>
			<key>fileEncoding</key>
			<string>30</string>
			<key>isa</key>
			<string>PBXFileReference</string>
			<key>name</key>
			<string>vm_linux.c</string>
			<key>path</key>
			<string>vm_linux.c</string>
			<key>refType</key>
			<string>4</string>
		</dict>
		<key>000000000000000004D54450</key>
		<dict>
			<key>fileEncoding</key>
			<string>30</string>
			<key>isa</key>
			<string>PBXFileReference</string>
			<key>name</key>
			<string>x.c</string>
			<key>path</key>
			<string>x.c</string>
			<key>refType</key>
			<string>4</string>
		</dict>
		<key>000000000000000004D54800</key>
		<dict>
			<key>fileEncoding</key>
			<string>30</string>
			<key>isa</key>
			<string>PBXFileReference</string>
			<key>name</key>
			<string>QDisk.h</string>
			<key>path</key>
			<string>QDisk.h</string>
			<key>refType</key>
			<string>4</string>
		</dict>
		<key>000000000000000004D54870</key>
		<dict>
			<key>fileEncoding</key>
			<string>30</string>
			<key>isa</key>
			<string>PBXFileReference</string>
			<key>name</key>
			<string>QDOS.h</string>
			<key>path</key>
			<string>QDOS.h</string>
			<key>refType</key>
			<string>4</string>
		</dict>
		<key>000000000000000004D549C0</key>
		<dict>
			<key>fileEncoding</key>
			<string>30</string>
			<key>isa</key>
			<string>PBXFileReference</string>
			<key>name</key>
			<string>QL_sound.h</string>
			<key>path</key>
			<string>QL_sound.h</string>
			<key>refType</key>
			<string>4</string>
		</dict>
		<key>000000000000000004D54A30</key>
		<dict>
			<key>fileEncoding</key>
			<string>30</string>
			<key>isa</key>
			<string>PBXFileReference</string>
			<key>name</key>
			<string>QLfiles.h</string>
			<key>path</key>
			<string>QLfiles.h</string>
			<key>refType</key>
			<string>4</string>
		</dict>
		<key>000000000000000004D54CF0</key>
		<dict>
			<key>fileEncoding</key>
			<string>30</string>
			<key>isa</key>
			<string>PBXFileReference</string>
			<key>name</key>
			<string>QDisk.c</string>
			<key>path</key>
			<string>QDisk.c</string>
			<key>refType</key>
			<string>4</string>
		</dict>
		<key>000000000000000004D556C0</key>
		<dict>
			<key>fileEncoding</key>
			<string>30</string>
			<key>isa</key>
			<string>PBXFileReference</string>
			<key>name</key>
			<string>siginfo.c</string>
			<key>path</key>
			<string>siginfo.c</string>
			<key>refType</key>
			<string>4</string>
		</dict>
		<key>000000000000000004D55970</key>
		<dict>
			<key>fileEncoding</key>
			<string>30</string>
			<key>isa</key>
			<string>PBXFileReference</string>
			<key>name</key>
			<string>QL_config.h</string>
			<key>path</key>
			<string>QL_config.h</string>
			<key>refType</key>
			<string>4</string>
		</dict>
		<key>000000000000000004D55BE0</key>
		<dict>
			<key>fileEncoding</key>
			<string>30</string>
			<key>isa</key>
			<string>PBXFileReference</string>
			<key>name</key>
			<string>QSerial.h</string>
			<key>path</key>
			<string>QSerial.h</string>
			<key>refType</key>
			<string>4</string>
		</dict>
		<key>000000000000000004D55C50</key>
		<dict>
			<key>fileEncoding</key>
			<string>30</string>
			<key>isa</key>
			<string>PBXFileReference</string>
			<key>name</key>
			<string>QSound.h</string>
			<key>path</key>
			<string>QSound.h</string>
			<key>refType</key>
			<string>4</string>
		</dict>
		<key>000000000000000004D55D40</key>
		<dict>
			<key>fileEncoding</key>
			<string>30</string>
			<key>isa</key>
			<string>PBXFileReference</string>
			<key>name</key>
			<string>QVFS.h</string>
			<key>path</key>
			<string>QVFS.h</string>
			<key>refType</key>
			<string>4</string>
		</dict>
		<key>000000000000000004D56000</key>
		<dict>
			<key>fileEncoding</key>
			<string>30</string>
			<key>isa</key>
			<string>PBXFileReference</string>
			<key>name</key>
			<string>xqlmouse.c</string>
			<key>path</key>
			<string>xqlmouse.c</string>
			<key>refType</key>
			<string>4</string>
		</dict>
		<key>000000000000000004D56150</key>
		<dict>
			<key>fileRef</key>
			<string>0000000000000000003722D0</string>
			<key>isa</key>
			<string>PBXBuildFile</string>
			<key>settings</key>
			<dict/>
		</dict>
		<key>000000000000000004D56330</key>
		<dict>
			<key>fileRef</key>
			<string>000000000000000004D70F20</string>
			<key>isa</key>
			<string>PBXBuildFile</string>
			<key>settings</key>
			<dict/>
		</dict>
		<key>000000000000000004D567B0</key>
		<dict>
			<key>fileRef</key>
			<string>0000000000000000003FE9A0</string>
			<key>isa</key>
			<string>PBXBuildFile</string>
			<key>settings</key>
			<dict/>
		</dict>
		<key>000000000000000004D56D80</key>
		<dict>
			<key>fileRef</key>
			<string>0000000000000000003BECA0</string>
			<key>isa</key>
			<string>PBXBuildFile</string>
			<key>settings</key>
			<dict/>
		</dict>
		<key>000000000000000004D56F60</key>
		<dict>
			<key>fileRef</key>
			<string>000000000000000004D02500</string>
			<key>isa</key>
			<string>PBXBuildFile</string>
			<key>settings</key>
			<dict/>
		</dict>
		<key>000000000000000004D57160</key>
		<dict>
			<key>fileEncoding</key>
			<string>30</string>
			<key>isa</key>
			<string>PBXFileReference</string>
			<key>name</key>
			<string>QLtraps.c</string>
			<key>path</key>
			<string>QLtraps.c</string>
			<key>refType</key>
			<string>4</string>
		</dict>
		<key>000000000000000004D57660</key>
		<dict>
			<key>isa</key>
			<string>PBXExecutableFileReference</string>
			<key>path</key>
			<string>qm</string>
			<key>refType</key>
			<string>3</string>
		</dict>
		<key>000000000000000004D576C0</key>
		<dict>
			<key>children</key>
			<array>
				<string>000000000000000004D57660</string>
			</array>
			<key>isa</key>
			<string>PBXGroup</string>
			<key>name</key>
			<string>Products</string>
			<key>refType</key>
			<string>4</string>
		</dict>
		<key>000000000000000004D57CB0</key>
		<dict>
			<key>fileRef</key>
			<string>000000000000000004D669F0</string>
			<key>isa</key>
			<string>PBXBuildFile</string>
			<key>settings</key>
			<dict/>
		</dict>
		<key>000000000000000004D57E90</key>
		<dict>
			<key>fileRef</key>
			<string>00000000000000000036B370</string>
			<key>isa</key>
			<string>PBXBuildFile</string>
			<key>settings</key>
			<dict/>
		</dict>
		<key>000000000000000004D59710</key>
		<dict>
			<key>fileEncoding</key>
			<string>30</string>
			<key>isa</key>
			<string>PBXFileReference</string>
			<key>name</key>
			<string>iptraps.h</string>
			<key>path</key>
			<string>iptraps.h</string>
			<key>refType</key>
			<string>4</string>
		</dict>
		<key>000000000000000004D5B200</key>
		<dict>
			<key>fileRef</key>
			<string>000000000000000004D61430</string>
			<key>isa</key>
			<string>PBXBuildFile</string>
			<key>settings</key>
			<dict/>
		</dict>
		<key>000000000000000004D5B3E0</key>
		<dict>
			<key>fileRef</key>
			<string>000000000000000004D53840</string>
			<key>isa</key>
			<string>PBXBuildFile</string>
			<key>settings</key>
			<dict/>
		</dict>
		<key>000000000000000004D5B5C0</key>
		<dict>
			<key>fileRef</key>
			<string>000000000000000004D53B30</string>
			<key>isa</key>
			<string>PBXBuildFile</string>
			<key>settings</key>
			<dict/>
		</dict>
		<key>000000000000000004D5B7A0</key>
		<dict>
			<key>fileRef</key>
			<string>000000000000000004D53F60</string>
			<key>isa</key>
			<string>PBXBuildFile</string>
			<key>settings</key>
			<dict/>
		</dict>
		<key>000000000000000004D5B980</key>
		<dict>
			<key>fileRef</key>
			<string>000000000000000004D54350</string>
			<key>isa</key>
			<string>PBXBuildFile</string>
			<key>settings</key>
			<dict/>
		</dict>
		<key>000000000000000004D5BB60</key>
		<dict>
			<key>fileRef</key>
			<string>000000000000000004D54450</string>
			<key>isa</key>
			<string>PBXBuildFile</string>
			<key>settings</key>
			<dict/>
		</dict>
		<key>000000000000000004D5BD40</key>
		<dict>
			<key>fileRef</key>
			<string>000000000000000004D5E1B0</string>
			<key>isa</key>
			<string>PBXBuildFile</string>
			<key>settings</key>
			<dict/>
		</dict>
		<key>000000000000000004D5BF20</key>
		<dict>
			<key>fileRef</key>
			<string>000000000000000004D6F6D0</string>
			<key>isa</key>
			<string>PBXBuildFile</string>
			<key>settings</key>
			<dict/>
		</dict>
		<key>000000000000000004D5CE00</key>
		<dict>
			<key>fileEncoding</key>
			<string>30</string>
			<key>isa</key>
			<string>PBXFileReference</string>
			<key>name</key>
			<string>util.c</string>
			<key>path</key>
			<string>util.c</string>
			<key>refType</key>
			<string>4</string>
		</dict>
		<key>000000000000000004D5E1B0</key>
		<dict>
			<key>fileEncoding</key>
			<string>30</string>
			<key>isa</key>
			<string>PBXFileReference</string>
			<key>name</key>
			<string>xc68.c</string>
			<key>path</key>
			<string>xc68.c</string>
			<key>refType</key>
			<string>4</string>
		</dict>
		<key>000000000000000004D5E240</key>
		<dict>
			<key>fileEncoding</key>
			<string>30</string>
			<key>isa</key>
			<string>PBXFileReference</string>
			<key>name</key>
			<string>memaccess.h</string>
			<key>path</key>
			<string>memaccess.h</string>
			<key>refType</key>
			<string>4</string>
		</dict>
		<key>000000000000000004D5E2B0</key>
		<dict>
			<key>fileEncoding</key>
			<string>30</string>
			<key>isa</key>
			<string>PBXFileReference</string>
			<key>name</key>
			<string>memaccess_vm.h</string>
			<key>path</key>
			<string>memaccess_vm.h</string>
			<key>refType</key>
			<string>4</string>
		</dict>
		<key>000000000000000004D5E7A0</key>
		<dict>
			<key>fileEncoding</key>
			<string>30</string>
			<key>isa</key>
			<string>PBXFileReference</string>
			<key>name</key>
			<string>qx_proto.h</string>
			<key>path</key>
			<string>qx_proto.h</string>
			<key>refType</key>
			<string>4</string>
		</dict>
		<key>000000000000000004D5EFC0</key>
		<dict>
			<key>fileEncoding</key>
			<string>30</string>
			<key>isa</key>
			<string>PBXFileReference</string>
			<key>name</key>
			<string>mmodes.h</string>
			<key>path</key>
			<string>mmodes.h</string>
			<key>refType</key>
			<string>4</string>
		</dict>
		<key>000000000000000004D5F8F0</key>
		<dict>
			<key>fileRef</key>
			<string>000000000000000004D6FF60</string>
			<key>isa</key>
			<string>PBXBuildFile</string>
			<key>settings</key>
			<dict/>
		</dict>
		<key>000000000000000004D5FAF0</key>
		<dict>
			<key>fileRef</key>
			<string>000000000000000004D54CF0</string>
			<key>isa</key>
			<string>PBXBuildFile</string>
			<key>settings</key>
			<dict/>
		</dict>
		<key>000000000000000004D5FCE0</key>
		<dict>
			<key>fileRef</key>
			<string>0000000000000000003EA5C0</string>
			<key>isa</key>
			<string>PBXBuildFile</string>
			<key>settings</key>
			<dict/>
		</dict>
		<key>000000000000000004D5FEC0</key>
		<dict>
			<key>fileRef</key>
			<string>000000000000000004D4DD70</string>
			<key>isa</key>
			<string>PBXBuildFile</string>
			<key>settings</key>
			<dict/>
		</dict>
		<key>000000000000000004D60130</key>
		<dict>
			<key>fileRef</key>
			<string>0000000000000000003E36D0</string>
			<key>isa</key>
			<string>PBXBuildFile</string>
			<key>settings</key>
			<dict/>
		</dict>
		<key>000000000000000004D60310</key>
		<dict>
			<key>fileRef</key>
			<string>000000000000000004D6E900</string>
			<key>isa</key>
			<string>PBXBuildFile</string>
			<key>settings</key>
			<dict/>
		</dict>
		<key>000000000000000004D60520</key>
		<dict>
			<key>fileRef</key>
			<string>000000000000000004D4E9B0</string>
			<key>isa</key>
			<string>PBXBuildFile</string>
			<key>settings</key>
			<dict/>
		</dict>
		<key>000000000000000004D607A0</key>
		<dict>
			<key>fileRef</key>
			<string>0000000000000000003671D0</string>
			<key>isa</key>
			<string>PBXBuildFile</string>
			<key>settings</key>
			<dict/>
		</dict>
		<key>000000000000000004D60980</key>
		<dict>
			<key>fileRef</key>
			<string>0000000000000000003EEBE0</string>
			<key>isa</key>
			<string>PBXBuildFile</string>
			<key>settings</key>
			<dict/>
		</dict>
		<key>000000000000000004D60B60</key>
		<dict>
			<key>fileRef</key>
			<string>000000000000000004D307B0</string>
			<key>isa</key>
			<string>PBXBuildFile</string>
			<key>settings</key>
			<dict/>
		</dict>
		<key>000000000000000004D60D40</key>
		<dict>
			<key>fileRef</key>
			<string>0000000000000000003B2B10</string>
			<key>isa</key>
			<string>PBXBuildFile</string>
			<key>settings</key>
			<dict/>
		</dict>
		<key>000000000000000004D61430</key>
		<dict>
			<key>fileEncoding</key>
			<string>30</string>
			<key>isa</key>
			<string>PBXFileReference</string>
			<key>name</key>
			<string>uxfile.c</string>
			<key>path</key>
			<string>uxfile.c</string>
			<key>refType</key>
			<string>4</string>
		</dict>
		<key>000000000000000004D616E0</key>
		<dict>
			<key>fileRef</key>
			<string>0000000000000000003D7FD0</string>
			<key>isa</key>
			<string>PBXBuildFile</string>
			<key>settings</key>
			<dict/>
		</dict>
		<key>000000000000000004D618C0</key>
		<dict>
			<key>fileRef</key>
			<string>00000000000000000030AB90</string>
			<key>isa</key>
			<string>PBXBuildFile</string>
			<key>settings</key>
			<dict/>
		</dict>
		<key>000000000000000004D61AA0</key>
		<dict>
			<key>fileRef</key>
			<string>0000000000000000003AA760</string>
			<key>isa</key>
			<string>PBXBuildFile</string>
			<key>settings</key>
			<dict/>
		</dict>
		<key>000000000000000004D61CD0</key>
		<dict>
			<key>fileRef</key>
			<string>000000000000000004D556C0</string>
			<key>isa</key>
			<string>PBXBuildFile</string>
			<key>settings</key>
			<dict/>
		</dict>
		<key>000000000000000004D61D20</key>
		<dict>
			<key>fileRef</key>
			<string>0000000000000000003946C0</string>
			<key>isa</key>
			<string>PBXBuildFile</string>
			<key>settings</key>
			<dict/>
		</dict>
		<key>000000000000000004D61F00</key>
		<dict>
			<key>fileRef</key>
			<string>000000000000000004D57160</string>
			<key>isa</key>
			<string>PBXBuildFile</string>
			<key>settings</key>
			<dict/>
		</dict>
		<key>000000000000000004D620E0</key>
		<dict>
			<key>fileRef</key>
			<string>000000000000000004D40860</string>
			<key>isa</key>
			<string>PBXBuildFile</string>
			<key>settings</key>
			<dict/>
		</dict>
		<key>000000000000000004D62670</key>
		<dict>
			<key>fileEncoding</key>
			<string>30</string>
			<key>isa</key>
			<string>PBXFileReference</string>
			<key>name</key>
			<string>iexl.h</string>
			<key>path</key>
			<string>iexl.h</string>
			<key>refType</key>
			<string>4</string>
		</dict>
		<key>000000000000000004D635C0</key>
		<dict>
			<key>fileEncoding</key>
			<string>30</string>
			<key>isa</key>
			<string>PBXFileReference</string>
			<key>name</key>
			<string>xlmain.c</string>
			<key>path</key>
			<string>xlmain.c</string>
			<key>refType</key>
			<string>4</string>
		</dict>
		<key>000000000000000004D63FC0</key>
		<dict>
			<key>fileEncoding</key>
			<string>30</string>
			<key>isa</key>
			<string>PBXFileReference</string>
			<key>name</key>
			<string>iexl_ug.h</string>
			<key>path</key>
			<string>iexl_ug.h</string>
			<key>refType</key>
			<string>4</string>
		</dict>
		<key>000000000000000004D64100</key>
		<dict>
			<key>fileEncoding</key>
			<string>30</string>
			<key>isa</key>
			<string>PBXFileReference</string>
			<key>name</key>
			<string>QLtypes.h</string>
			<key>path</key>
			<string>QLtypes.h</string>
			<key>refType</key>
			<string>4</string>
		</dict>
		<key>000000000000000004D649E0</key>
		<dict>
			<key>fileEncoding</key>
			<string>30</string>
			<key>isa</key>
			<string>PBXFileReference</string>
			<key>name</key>
			<string>QL.h</string>
			<key>path</key>
			<string>QL.h</string>
			<key>refType</key>
			<string>4</string>
		</dict>
		<key>000000000000000004D64B30</key>
		<dict>
			<key>fileRef</key>
			<string>000000000000000004D4EC60</string>
			<key>isa</key>
			<string>PBXBuildFile</string>
			<key>settings</key>
			<dict/>
		</dict>
		<key>000000000000000004D64D10</key>
		<dict>
			<key>fileRef</key>
			<string>000000000000000004D56000</string>
			<key>isa</key>
			<string>PBXBuildFile</string>
			<key>settings</key>
			<dict/>
		</dict>
		<key>000000000000000004D65140</key>
		<dict>
			<key>fileEncoding</key>
			<string>30</string>
			<key>isa</key>
			<string>PBXFileReference</string>
			<key>name</key>
			<string>uqlx_cfg.c</string>
			<key>path</key>
			<string>uqlx_cfg.c</string>
			<key>refType</key>
			<string>4</string>
		</dict>
		<key>000000000000000004D65400</key>
		<dict>
			<key>fileEncoding</key>
			<string>30</string>
			<key>isa</key>
			<string>PBXFileReference</string>
			<key>name</key>
			<string>uqlx_cfg.h</string>
			<key>path</key>
			<string>uqlx_cfg.h</string>
			<key>refType</key>
			<string>4</string>
		</dict>
		<key>000000000000000004D65470</key>
		<dict>
			<key>fileEncoding</key>
			<string>30</string>
			<key>isa</key>
			<string>PBXFileReference</string>
			<key>name</key>
			<string>util.h</string>
			<key>path</key>
			<string>util.h</string>
			<key>refType</key>
			<string>4</string>
		</dict>
		<key>000000000000000004D655F0</key>
		<dict>
			<key>fileEncoding</key>
			<string>30</string>
			<key>isa</key>
			<string>PBXFileReference</string>
			<key>name</key>
			<string>vl.h</string>
			<key>path</key>
			<string>vl.h</string>
			<key>refType</key>
			<string>4</string>
		</dict>
		<key>000000000000000004D65660</key>
		<dict>
			<key>fileEncoding</key>
			<string>30</string>
			<key>isa</key>
			<string>PBXFileReference</string>
			<key>name</key>
			<string>vm.h</string>
			<key>path</key>
			<string>vm.h</string>
			<key>refType</key>
			<string>4</string>
		</dict>
		<key>000000000000000004D657A0</key>
		<dict>
			<key>fileEncoding</key>
			<string>30</string>
			<key>isa</key>
			<string>PBXFileReference</string>
			<key>name</key>
			<string>vm_linux.h</string>
			<key>path</key>
			<string>vm_linux.h</string>
			<key>refType</key>
			<string>4</string>
		</dict>
		<key>000000000000000004D658C0</key>
		<dict>
			<key>fileEncoding</key>
			<string>30</string>
			<key>isa</key>
			<string>PBXFileReference</string>
			<key>name</key>
			<string>xc68.h</string>
			<key>path</key>
			<string>xc68.h</string>
			<key>refType</key>
			<string>4</string>
		</dict>
		<key>000000000000000004D659E0</key>
		<dict>
			<key>fileEncoding</key>
			<string>30</string>
			<key>isa</key>
			<string>PBXFileReference</string>
			<key>name</key>
			<string>xcodes.h</string>
			<key>path</key>
			<string>xcodes.h</string>
			<key>refType</key>
			<string>4</string>
		</dict>
		<key>000000000000000004D65A50</key>
		<dict>
			<key>fileEncoding</key>
			<string>30</string>
			<key>isa</key>
			<string>PBXFileReference</string>
			<key>name</key>
			<string>xipc.h</string>
			<key>path</key>
			<string>xipc.h</string>
			<key>refType</key>
			<string>4</string>
		</dict>
		<key>000000000000000004D66860</key>
		<dict>
			<key>fileEncoding</key>
			<string>30</string>
			<key>isa</key>
			<string>PBXFileReference</string>
			<key>name</key>
			<string>script.h</string>
			<key>path</key>
			<string>script.h</string>
			<key>refType</key>
			<string>4</string>
		</dict>
		<key>000000000000000004D66900</key>
		<dict>
			<key>buildActionMask</key>
			<string>2147483647</string>
			<key>files</key>
			<array/>
			<key>isa</key>
			<string>PBXRezBuildPhase</string>
			<key>runOnlyForDeploymentPostprocessing</key>
			<string>0</string>
		</dict>
		<key>000000000000000004D669F0</key>
		<dict>
			<key>fileEncoding</key>
			<string>30</string>
			<key>isa</key>
			<string>PBXFileReference</string>
			<key>name</key>
			<string>dummies.c</string>
			<key>path</key>
			<string>dummies.c</string>
			<key>refType</key>
			<string>4</string>
		</dict>
		<key>000000000000000004D678F0</key>
		<dict>
			<key>fileEncoding</key>
			<string>30</string>
			<key>isa</key>
			<string>PBXFileReference</string>
			<key>name</key>
			<string>QL_screen.h</string>
			<key>path</key>
			<string>QL_screen.h</string>
			<key>refType</key>
			<string>4</string>
		</dict>
		<key>000000000000000004D6A030</key>
		<dict>
			<key>children</key>
			<array>
				<string>000000000000000004D6FF60</string>
				<string>000000000000000004D54870</string>
				<string>000000000000000004D54CF0</string>
				<string>000000000000000004D54800</string>
				<string>000000000000000004D53020</string>
				<string>000000000000000004D487E0</string>
				<string>000000000000000004D649E0</string>
				<string>000000000000000004D11050</string>
				<string>0000000000000000003EA5C0</string>
				<string>000000000000000004D4DD70</string>
				<string>0000000000000000003E36D0</string>
				<string>000000000000000004D6E900</string>
				<string>000000000000000004D55970</string>
				<string>000000000000000004D4E9B0</string>
				<string>0000000000000000003671D0</string>
				<string>0000000000000000003EEBE0</string>
				<string>000000000000000004D307B0</string>
				<string>0000000000000000003B2B10</string>
				<string>000000000000000004D678F0</string>
				<string>0000000000000000003D7FD0</string>
				<string>00000000000000000030AB90</string>
				<string>000000000000000004D549C0</string>
				<string>000000000000000004D54A30</string>
				<string>0000000000000000003AA760</string>
				<string>000000000000000004D3C600</string>
				<string>0000000000000000003946C0</string>
				<string>000000000000000004D57160</string>
				<string>000000000000000004D64100</string>
				<string>000000000000000004D55BE0</string>
				<string>000000000000000004D55C50</string>
				<string>000000000000000004D40860</string>
				<string>000000000000000004D55D40</string>
				<string>0000000000000000003722D0</string>
				<string>000000000000000004D70F20</string>
				<string>000000000000000004D44D60</string>
				<string>000000000000000004D510E0</string>
				<string>000000000000000004D6AF90</string>
				<string>000000000000000004D03910</string>
				<string>000000000000000004D669F0</string>
				<string>000000000000000004D20480</string>
				<string>00000000000000000036B370</string>
				<string>0000000000000000003FE9A0</string>
				<string>000000000000000004D62670</string>
				<string>000000000000000004D4A8A0</string>
				<string>000000000000000004D63FC0</string>
				<string>000000000000000004D6C4D0</string>
				<string>000000000000000004D6BF10</string>
				<string>000000000000000004D6D2F0</string>
				<string>000000000000000004D59710</string>
				<string>000000000000000004D039A0</string>
				<string>000000000000000004D5E240</string>
				<string>000000000000000004D5E2B0</string>
				<string>000000000000000004D45950</string>
				<string>000000000000000004D5EFC0</string>
				<string>000000000000000004D09050</string>
				<string>000000000000000004D3D930</string>
				<string>000000000000000004D5E7A0</string>
				<string>0000000000000000003F1EF0</string>
				<string>0000000000000000003C1870</string>
				<string>000000000000000004D66860</string>
				<string>000000000000000004D556C0</string>
				<string>0000000000000000003BECA0</string>
				<string>000000000000000004D512D0</string>
				<string>000000000000000004D51340</string>
				<string>000000000000000004D02500</string>
				<string>000000000000000004D65140</string>
				<string>000000000000000004D65400</string>
				<string>000000000000000004D5CE00</string>
				<string>000000000000000004D65470</string>
				<string>000000000000000004D61430</string>
				<string>000000000000000004D53840</string>
				<string>000000000000000004D53B30</string>
				<string>000000000000000004D655F0</string>
				<string>000000000000000004D53F60</string>
				<string>000000000000000004D65660</string>
				<string>000000000000000004D54350</string>
				<string>000000000000000004D657A0</string>
				<string>000000000000000004D54450</string>
				<string>000000000000000004D5E1B0</string>
				<string>000000000000000004D658C0</string>
				<string>000000000000000004D6F6D0</string>
				<string>000000000000000004D659E0</string>
				<string>0000000000000000003CB990</string>
				<string>000000000000000004D65A50</string>
				<string>000000000000000004D635C0</string>
				<string>000000000000000004D4EC60</string>
				<string>000000000000000004D56000</string>
			</array>
			<key>isa</key>
			<string>PBXGroup</string>
			<key>name</key>
			<string>uqlx-2008-01-04</string>
			<key>path</key>
			<string>.</string>
			<key>refType</key>
			<string>2</string>
		</dict>
		<key>000000000000000004D6AF90</key>
		<dict>
			<key>fileEncoding</key>
			<string>30</string>
			<key>isa</key>
			<string>PBXFileReference</string>
			<key>name</key>
			<string>cow.h</string>
			<key>path</key>
			<string>cow.h</string>
			<key>refType</key>
			<string>4</string>
		</dict>
		<key>000000000000000004D6BF10</key>
		<dict>
			<key>fileEncoding</key>
			<string>30</string>
			<key>isa</key>
			<string>PBXFileReference</string>
			<key>name</key>
			<string>instructions_ao.c</string>
			<key>path</key>
			<string>instructions_ao.c</string>
			<key>refType</key>
			<string>4</string>
		</dict>
		<key>000000000000000004D6C4D0</key>
		<dict>
			<key>fileEncoding</key>
			<string>30</string>
			<key>isa</key>
			<string>PBXFileReference</string>
			<key>name</key>
			<string>insnx.h</string>
			<key>path</key>
			<string>insnx.h</string>
			<key>refType</key>
			<string>4</string>
		</dict>
		<key>000000000000000004D6C520</key>
		<dict>
			<key>buildPhases</key>
			<array>
				<string>000000000000000004D1B410</string>
				<string>000000000000000004D3B570</string>
				<string>000000000000000004D3C6B0</string>
				<string>000000000000000004D66900</string>
			</array>
			<key>buildSettings</key>
			<dict>
				<key>DEBUGGING_SYMBOLS</key>
				<string>NO</string>
				<key>FRAMEWORK_SEARCH_PATHS</key>
				<string></string>
				<key>HEADER_SEARCH_PATHS</key>
				<string>/usr/X11R6/include/</string>
				<key>INSTALL_PATH</key>
				<string>$(HOME)/bin</string>
				<key>LIBRARY_SEARCH_PATHS</key>
				<string>/usr/X11R6/lib/</string>
				<key>OPTIMIZATION_CFLAGS</key>
				<string>-O2 -O3</string>
				<key>OTHER_CFLAGS</key>
				<string>-DBSD44 -DDARWIN -DDO_GRAB -DFASTLOOP -DHAS_STPCPY -DIMPL=\\\"/Users/callisto/Desktop/uqlx-2008-01-04/\\\" -DIPDEV -DMOUSE -DNEWPTY -DNEWSERIAL -DQVFS -DSERIAL -DSH_MEM -DUSE_IOSZ -DUSE_IPC -DUX_WAIT -DXSCREEN -fcprop-registers -fcrossjumping -fexpensive-optimizations -fgcse -fgcse-after-reload -fomit-frame-pointer -foptimize-register-move -frerun-cse-after-loop -fschedule-insns2</string>
				<key>OTHER_LDFLAGS</key>
				<string>-lX11 -lXext</string>
				<key>OTHER_REZFLAGS</key>
				<string></string>
				<key>PRODUCT_NAME</key>
				<string>qm</string>
				<key>REZ_EXECUTABLE</key>
				<string>YES</string>
				<key>SECTORDER_FLAGS</key>
				<string></string>
				<key>WARNING_CFLAGS</key>
				<string></string>
			</dict>
			<key>dependencies</key>
			<array/>
			<key>isa</key>
			<string>PBXToolTarget</string>
			<key>name</key>
			<string>qm</string>
			<key>productInstallPath</key>
			<string>$(HOME)/bin</string>
			<key>productName</key>
			<string>qm</string>
			<key>productReference</key>
			<string>000000000000000004D57660</string>
		</dict>
		<key>000000000000000004D6D2F0</key>
		<dict>
			<key>fileEncoding</key>
			<string>30</string>
			<key>isa</key>
			<string>PBXFileReference</string>
			<key>name</key>
			<string>instructions_pz.c</string>
			<key>path</key>
			<string>instructions_pz.c</string>
			<key>refType</key>
			<string>4</string>
		</dict>
		<key>000000000000000004D6E900</key>
		<dict>
			<key>fileEncoding</key>
			<string>30</string>
			<key>isa</key>
			<string>PBXFileReference</string>
			<key>name</key>
			<string>QL_config.c</string>
			<key>path</key>
			<string>QL_config.c</string>
			<key>refType</key>
			<string>4</string>
		</dict>
		<key>000000000000000004D6F6D0</key>
		<dict>
			<key>fileEncoding</key>
			<string>30</string>
			<key>isa</key>
			<string>PBXFileReference</string>
			<key>name</key>
			<string>xcodes.c</string>
			<key>path</key>
			<string>xcodes.c</string>
			<key>refType</key>
			<string>4</string>
		</dict>
		<key>000000000000000004D6FF60</key>
		<dict>
			<key>fileEncoding</key>
			<string>30</string>
			<key>isa</key>
			<string>PBXFileReference</string>
			<key>name</key>
			<string>Init.c</string>
			<key>path</key>
			<string>Init.c</string>
			<key>refType</key>
			<string>4</string>
		</dict>
		<key>000000000000000004D70F20</key>
		<dict>
			<key>fileEncoding</key>
			<string>30</string>
			<key>isa</key>
			<string>PBXFileReference</string>
			<key>name</key>
			<string>block.c</string>
			<key>path</key>
			<string>block.c</string>
			<key>refType</key>
			<string>4</string>
		</dict>
	</dict>
	<key>rootObject</key>
	<string>000000000000000004D024B0</string>
</dict>
</plist>
